# This file was autogenerated by Stack.
# You should not edit this file by hand.
# For more information, please see the documentation at:
#   https://docs.haskellstack.org/en/stable/lock_files

packages:
- completed:
    hackage: TernaryTrees-0.2.0.2@sha256:45c18fdcf93bb162da28f88852976ac8f3c1fba1a4ba623e05032b048bfd2659,2353
    pantry-tree:
      size: 741
      sha256: f011df17fa41ef9d8659ce56c425444631b83ca6b21c756d96df1610a48d3782
  original:
    hackage: TernaryTrees-0.2.0.2@sha256:45c18fdcf93bb162da28f88852976ac8f3c1fba1a4ba623e05032b048bfd2659,2353
snapshots:
- completed:
    size: 649133
    url: https://raw.githubusercontent.com/commercialhaskell/stackage-snapshots/master/lts/20/12.yaml
    sha256: af5d667f6096e535b9c725a72cffe0f6c060e0568d9f9eeda04caee70d0d9d2d
  original:
    url: https://raw.githubusercontent.com/commercialhaskell/stackage-snapshots/master/lts/20/12.yaml
